// !$*UTF8*$!
{
	archiveVersion = 1;
	classes = {
	};
	objectVersion = 48;
	objects = {

/* Begin PBXBuildFile section */
		7501E7EC1F0AEB8D00DC4B0C /* IMNetworkReachability.framework in Frameworks */ = {isa = PBXBuildFile; fileRef = 7501E7E21F0AEB8D00DC4B0C /* IMNetworkReachability.framework */; };
		750BD8CD1F0CD55300ADF085 /* IMNetworkReachability.framework in Frameworks */ = {isa = PBXBuildFile; fileRef = 750BD8C41F0CD55200ADF085 /* IMNetworkReachability.framework */; };
		750BD8E91F0CD57000ADF085 /* IMNetworkReachability.framework in Frameworks */ = {isa = PBXBuildFile; fileRef = 750BD8E01F0CD57000ADF085 /* IMNetworkReachability.framework */; };
		75E4B14D1F118ACD001383CE /* AsyncHandler.swift in Sources */ = {isa = PBXBuildFile; fileRef = 75E4B1461F118A26001383CE /* AsyncHandler.swift */; };
		75E4B14E1F118AD2001383CE /* AsyncHandler.swift in Sources */ = {isa = PBXBuildFile; fileRef = 75E4B1461F118A26001383CE /* AsyncHandler.swift */; };
		75E4B14F1F118AD3001383CE /* AsyncHandler.swift in Sources */ = {isa = PBXBuildFile; fileRef = 75E4B1461F118A26001383CE /* AsyncHandler.swift */; };
		75E4B1501F118AFA001383CE /* SyncEvaluator.swift in Sources */ = {isa = PBXBuildFile; fileRef = 75E4B14C1F118A26001383CE /* SyncEvaluator.swift */; };
		75E4B1511F118AFB001383CE /* SyncEvaluator.swift in Sources */ = {isa = PBXBuildFile; fileRef = 75E4B14C1F118A26001383CE /* SyncEvaluator.swift */; };
		75E4B1521F118AFE001383CE /* SyncEvaluator.swift in Sources */ = {isa = PBXBuildFile; fileRef = 75E4B14C1F118A26001383CE /* SyncEvaluator.swift */; };
		75E4B1531F118B16001383CE /* IMReachabilityError.swift in Sources */ = {isa = PBXBuildFile; fileRef = 75E4B14A1F118A26001383CE /* IMReachabilityError.swift */; };
		75E4B1541F118B17001383CE /* IMReachabilityError.swift in Sources */ = {isa = PBXBuildFile; fileRef = 75E4B14A1F118A26001383CE /* IMReachabilityError.swift */; };
		75E4B1551F118B18001383CE /* IMReachabilityError.swift in Sources */ = {isa = PBXBuildFile; fileRef = 75E4B14A1F118A26001383CE /* IMReachabilityError.swift */; };
		75E4B1561F118B1D001383CE /* IMReachabilityResult.swift in Sources */ = {isa = PBXBuildFile; fileRef = 75E4B14B1F118A26001383CE /* IMReachabilityResult.swift */; };
		75E4B1571F118B1E001383CE /* IMReachabilityResult.swift in Sources */ = {isa = PBXBuildFile; fileRef = 75E4B14B1F118A26001383CE /* IMReachabilityResult.swift */; };
		75E4B1581F118B1F001383CE /* IMReachabilityResult.swift in Sources */ = {isa = PBXBuildFile; fileRef = 75E4B14B1F118A26001383CE /* IMReachabilityResult.swift */; };
		75E4B1591F118B2C001383CE /* IMNetworkReachability.swift in Sources */ = {isa = PBXBuildFile; fileRef = 75E4B1481F118A26001383CE /* IMNetworkReachability.swift */; };
		75E4B15A1F118B2D001383CE /* IMNetworkReachability.swift in Sources */ = {isa = PBXBuildFile; fileRef = 75E4B1481F118A26001383CE /* IMNetworkReachability.swift */; };
		75E4B15B1F118B2E001383CE /* IMNetworkReachability.swift in Sources */ = {isa = PBXBuildFile; fileRef = 75E4B1481F118A26001383CE /* IMNetworkReachability.swift */; };
		75E4B15C1F118B34001383CE /* IMNetworkReachable.swift in Sources */ = {isa = PBXBuildFile; fileRef = 75E4B1491F118A26001383CE /* IMNetworkReachable.swift */; };
		75E4B15D1F118B34001383CE /* IMNetworkReachable.swift in Sources */ = {isa = PBXBuildFile; fileRef = 75E4B1491F118A26001383CE /* IMNetworkReachable.swift */; };
		75E4B15E1F118B35001383CE /* IMNetworkReachable.swift in Sources */ = {isa = PBXBuildFile; fileRef = 75E4B1491F118A26001383CE /* IMNetworkReachable.swift */; };
		75E4B1621F118C62001383CE /* IMNetworkReachability.h in Headers */ = {isa = PBXBuildFile; fileRef = 75E4B1471F118A26001383CE /* IMNetworkReachability.h */; settings = {ATTRIBUTES = (Public, ); }; };
		75E4B1631F118C64001383CE /* IMNetworkReachability.h in Headers */ = {isa = PBXBuildFile; fileRef = 75E4B1471F118A26001383CE /* IMNetworkReachability.h */; settings = {ATTRIBUTES = (Public, ); }; };
		75E4B1641F118C64001383CE /* IMNetworkReachability.h in Headers */ = {isa = PBXBuildFile; fileRef = 75E4B1471F118A26001383CE /* IMNetworkReachability.h */; settings = {ATTRIBUTES = (Public, ); }; };
		75E4B16E1F119137001383CE /* IMNetworkReachabilityTests.swift in Sources */ = {isa = PBXBuildFile; fileRef = 75E4B16D1F119121001383CE /* IMNetworkReachabilityTests.swift */; };
		75E4B16F1F119139001383CE /* IMNetworkReachabilityTests.swift in Sources */ = {isa = PBXBuildFile; fileRef = 75E4B16D1F119121001383CE /* IMNetworkReachabilityTests.swift */; };
		75E4B1701F11913A001383CE /* IMNetworkReachabilityTests.swift in Sources */ = {isa = PBXBuildFile; fileRef = 75E4B16D1F119121001383CE /* IMNetworkReachabilityTests.swift */; };
/* End PBXBuildFile section */

/* Begin PBXContainerItemProxy section */
		7501E7ED1F0AEB8D00DC4B0C /* PBXContainerItemProxy */ = {
			isa = PBXContainerItemProxy;
			containerPortal = 7501E7D91F0AEB8D00DC4B0C /* Project object */;
			proxyType = 1;
			remoteGlobalIDString = 7501E7E11F0AEB8D00DC4B0C;
			remoteInfo = IMNetworkReachability;
		};
		750BD8CE1F0CD55300ADF085 /* PBXContainerItemProxy */ = {
			isa = PBXContainerItemProxy;
			containerPortal = 7501E7D91F0AEB8D00DC4B0C /* Project object */;
			proxyType = 1;
			remoteGlobalIDString = 750BD8C31F0CD55200ADF085;
			remoteInfo = IMNetworkReachability_macOS;
		};
		750BD8EA1F0CD57000ADF085 /* PBXContainerItemProxy */ = {
			isa = PBXContainerItemProxy;
			containerPortal = 7501E7D91F0AEB8D00DC4B0C /* Project object */;
			proxyType = 1;
			remoteGlobalIDString = 750BD8DF1F0CD57000ADF085;
			remoteInfo = IMNetworkReachability_tvOS;
		};
/* End PBXContainerItemProxy section */

/* Begin PBXFileReference section */
		7501E7E21F0AEB8D00DC4B0C /* IMNetworkReachability.framework */ = {isa = PBXFileReference; explicitFileType = wrapper.framework; includeInIndex = 0; path = IMNetworkReachability.framework; sourceTree = BUILT_PRODUCTS_DIR; };
		7501E7EB1F0AEB8D00DC4B0C /* IMNetworkReachabilityTests_iOS.xctest */ = {isa = PBXFileReference; explicitFileType = wrapper.cfbundle; includeInIndex = 0; path = IMNetworkReachabilityTests_iOS.xctest; sourceTree = BUILT_PRODUCTS_DIR; };
		750BD8C41F0CD55200ADF085 /* IMNetworkReachability.framework */ = {isa = PBXFileReference; explicitFileType = wrapper.framework; includeInIndex = 0; path = IMNetworkReachability.framework; sourceTree = BUILT_PRODUCTS_DIR; };
		750BD8CC1F0CD55300ADF085 /* IMNetworkReachability_macOSTests.xctest */ = {isa = PBXFileReference; explicitFileType = wrapper.cfbundle; includeInIndex = 0; path = IMNetworkReachability_macOSTests.xctest; sourceTree = BUILT_PRODUCTS_DIR; };
		750BD8E01F0CD57000ADF085 /* IMNetworkReachability.framework */ = {isa = PBXFileReference; explicitFileType = wrapper.framework; includeInIndex = 0; path = IMNetworkReachability.framework; sourceTree = BUILT_PRODUCTS_DIR; };
		750BD8E81F0CD57000ADF085 /* IMNetworkReachability_tvOSTests.xctest */ = {isa = PBXFileReference; explicitFileType = wrapper.cfbundle; includeInIndex = 0; path = IMNetworkReachability_tvOSTests.xctest; sourceTree = BUILT_PRODUCTS_DIR; };
		75E4B1421F118A26001383CE /* IMNetworkReachability.plist */ = {isa = PBXFileReference; lastKnownFileType = text.plist.xml; path = IMNetworkReachability.plist; sourceTree = "<group>"; };
		75E4B1431F118A26001383CE /* IMNetworkReachabilityTests.plist */ = {isa = PBXFileReference; lastKnownFileType = text.plist.xml; path = IMNetworkReachabilityTests.plist; sourceTree = "<group>"; };
		75E4B1461F118A26001383CE /* AsyncHandler.swift */ = {isa = PBXFileReference; lastKnownFileType = sourcecode.swift; path = AsyncHandler.swift; sourceTree = "<group>"; };
		75E4B1471F118A26001383CE /* IMNetworkReachability.h */ = {isa = PBXFileReference; lastKnownFileType = sourcecode.c.h; path = IMNetworkReachability.h; sourceTree = "<group>"; };
		75E4B1481F118A26001383CE /* IMNetworkReachability.swift */ = {isa = PBXFileReference; lastKnownFileType = sourcecode.swift; path = IMNetworkReachability.swift; sourceTree = "<group>"; };
		75E4B1491F118A26001383CE /* IMNetworkReachable.swift */ = {isa = PBXFileReference; lastKnownFileType = sourcecode.swift; path = IMNetworkReachable.swift; sourceTree = "<group>"; };
		75E4B14A1F118A26001383CE /* IMReachabilityError.swift */ = {isa = PBXFileReference; lastKnownFileType = sourcecode.swift; path = IMReachabilityError.swift; sourceTree = "<group>"; };
		75E4B14B1F118A26001383CE /* IMReachabilityResult.swift */ = {isa = PBXFileReference; lastKnownFileType = sourcecode.swift; path = IMReachabilityResult.swift; sourceTree = "<group>"; };
		75E4B14C1F118A26001383CE /* SyncEvaluator.swift */ = {isa = PBXFileReference; lastKnownFileType = sourcecode.swift; path = SyncEvaluator.swift; sourceTree = "<group>"; };
		75E4B16D1F119121001383CE /* IMNetworkReachabilityTests.swift */ = {isa = PBXFileReference; lastKnownFileType = sourcecode.swift; path = IMNetworkReachabilityTests.swift; sourceTree = "<group>"; };
/* End PBXFileReference section */

/* Begin PBXFrameworksBuildPhase section */
		7501E7DE1F0AEB8D00DC4B0C /* Frameworks */ = {
			isa = PBXFrameworksBuildPhase;
			buildActionMask = 2147483647;
			files = (
			);
			runOnlyForDeploymentPostprocessing = 0;
		};
		7501E7E81F0AEB8D00DC4B0C /* Frameworks */ = {
			isa = PBXFrameworksBuildPhase;
			buildActionMask = 2147483647;
			files = (
				7501E7EC1F0AEB8D00DC4B0C /* IMNetworkReachability.framework in Frameworks */,
			);
			runOnlyForDeploymentPostprocessing = 0;
		};
		750BD8C01F0CD55200ADF085 /* Frameworks */ = {
			isa = PBXFrameworksBuildPhase;
			buildActionMask = 2147483647;
			files = (
			);
			runOnlyForDeploymentPostprocessing = 0;
		};
		750BD8C91F0CD55300ADF085 /* Frameworks */ = {
			isa = PBXFrameworksBuildPhase;
			buildActionMask = 2147483647;
			files = (
				750BD8CD1F0CD55300ADF085 /* IMNetworkReachability.framework in Frameworks */,
			);
			runOnlyForDeploymentPostprocessing = 0;
		};
		750BD8DC1F0CD57000ADF085 /* Frameworks */ = {
			isa = PBXFrameworksBuildPhase;
			buildActionMask = 2147483647;
			files = (
			);
			runOnlyForDeploymentPostprocessing = 0;
		};
		750BD8E51F0CD57000ADF085 /* Frameworks */ = {
			isa = PBXFrameworksBuildPhase;
			buildActionMask = 2147483647;
			files = (
				750BD8E91F0CD57000ADF085 /* IMNetworkReachability.framework in Frameworks */,
			);
			runOnlyForDeploymentPostprocessing = 0;
		};
/* End PBXFrameworksBuildPhase section */

/* Begin PBXGroup section */
		7501E7D81F0AEB8D00DC4B0C = {
			isa = PBXGroup;
			children = (
				75E4B1451F118A26001383CE /* Sources */,
				75E4B16B1F119121001383CE /* Tests */,
				75E4B1411F118A26001383CE /* Configs */,
				7501E7E31F0AEB8D00DC4B0C /* Products */,
			);
			sourceTree = "<group>";
		};
		7501E7E31F0AEB8D00DC4B0C /* Products */ = {
			isa = PBXGroup;
			children = (
				7501E7E21F0AEB8D00DC4B0C /* IMNetworkReachability.framework */,
				7501E7EB1F0AEB8D00DC4B0C /* IMNetworkReachabilityTests_iOS.xctest */,
				750BD8C41F0CD55200ADF085 /* IMNetworkReachability.framework */,
				750BD8CC1F0CD55300ADF085 /* IMNetworkReachability_macOSTests.xctest */,
				750BD8E01F0CD57000ADF085 /* IMNetworkReachability.framework */,
				750BD8E81F0CD57000ADF085 /* IMNetworkReachability_tvOSTests.xctest */,
			);
			name = Products;
			sourceTree = "<group>";
		};
		7551954A1F766B320030E449 /* SupportingFiles */ = {
			isa = PBXGroup;
			children = (
				75E4B1471F118A26001383CE /* IMNetworkReachability.h */,
			);
			name = SupportingFiles;
			sourceTree = "<group>";
		};
		75E4B1411F118A26001383CE /* Configs */ = {
			isa = PBXGroup;
			children = (
				75E4B1421F118A26001383CE /* IMNetworkReachability.plist */,
				75E4B1431F118A26001383CE /* IMNetworkReachabilityTests.plist */,
			);
			path = Configs;
			sourceTree = "<group>";
		};
		75E4B1451F118A26001383CE /* Sources */ = {
			isa = PBXGroup;
			children = (
				75EA3A181F119347006727D0 /* Private */,
				75EA3A191F11935F006727D0 /* Public */,
				7551954A1F766B320030E449 /* SupportingFiles */,
			);
			path = Sources;
			sourceTree = "<group>";
		};
		75E4B16B1F119121001383CE /* Tests */ = {
			isa = PBXGroup;
			children = (
				75E4B16C1F119121001383CE /* IMNetworkReachabilityTests */,
			);
			path = Tests;
			sourceTree = "<group>";
		};
		75E4B16C1F119121001383CE /* IMNetworkReachabilityTests */ = {
			isa = PBXGroup;
			children = (
				75E4B16D1F119121001383CE /* IMNetworkReachabilityTests.swift */,
			);
			path = IMNetworkReachabilityTests;
			sourceTree = "<group>";
		};
		75EA3A181F119347006727D0 /* Private */ = {
			isa = PBXGroup;
			children = (
				75E4B1461F118A26001383CE /* AsyncHandler.swift */,
				75E4B14C1F118A26001383CE /* SyncEvaluator.swift */,
			);
			name = Private;
			sourceTree = "<group>";
		};
		75EA3A191F11935F006727D0 /* Public */ = {
			isa = PBXGroup;
			children = (
				75EA3A1A1F119374006727D0 /* Model */,
				75E4B1481F118A26001383CE /* IMNetworkReachability.swift */,
				75E4B1491F118A26001383CE /* IMNetworkReachable.swift */,
			);
			name = Public;
			sourceTree = "<group>";
		};
		75EA3A1A1F119374006727D0 /* Model */ = {
			isa = PBXGroup;
			children = (
				75E4B14B1F118A26001383CE /* IMReachabilityResult.swift */,
				75E4B14A1F118A26001383CE /* IMReachabilityError.swift */,
			);
			name = Model;
			sourceTree = "<group>";
		};
/* End PBXGroup section */

/* Begin PBXHeadersBuildPhase section */
		7501E7DF1F0AEB8D00DC4B0C /* Headers */ = {
			isa = PBXHeadersBuildPhase;
			buildActionMask = 2147483647;
			files = (
				75E4B1621F118C62001383CE /* IMNetworkReachability.h in Headers */,
			);
			runOnlyForDeploymentPostprocessing = 0;
		};
		750BD8C11F0CD55200ADF085 /* Headers */ = {
			isa = PBXHeadersBuildPhase;
			buildActionMask = 2147483647;
			files = (
				75E4B1631F118C64001383CE /* IMNetworkReachability.h in Headers */,
			);
			runOnlyForDeploymentPostprocessing = 0;
		};
		750BD8DD1F0CD57000ADF085 /* Headers */ = {
			isa = PBXHeadersBuildPhase;
			buildActionMask = 2147483647;
			files = (
				75E4B1641F118C64001383CE /* IMNetworkReachability.h in Headers */,
			);
			runOnlyForDeploymentPostprocessing = 0;
		};
/* End PBXHeadersBuildPhase section */

/* Begin PBXNativeTarget section */
		7501E7E11F0AEB8D00DC4B0C /* IMNetworkReachability_iOS */ = {
			isa = PBXNativeTarget;
			buildConfigurationList = 7501E7F61F0AEB8D00DC4B0C /* Build configuration list for PBXNativeTarget "IMNetworkReachability_iOS" */;
			buildPhases = (
				7501E7DD1F0AEB8D00DC4B0C /* Sources */,
				7501E7DE1F0AEB8D00DC4B0C /* Frameworks */,
				7501E7DF1F0AEB8D00DC4B0C /* Headers */,
				7501E7E01F0AEB8D00DC4B0C /* Resources */,
			);
			buildRules = (
			);
			dependencies = (
			);
			name = IMNetworkReachability_iOS;
			productName = IMNetworkReachability;
			productReference = 7501E7E21F0AEB8D00DC4B0C /* IMNetworkReachability.framework */;
			productType = "com.apple.product-type.framework";
		};
		7501E7EA1F0AEB8D00DC4B0C /* IMNetworkReachabilityTests_iOS */ = {
			isa = PBXNativeTarget;
			buildConfigurationList = 7501E7F91F0AEB8D00DC4B0C /* Build configuration list for PBXNativeTarget "IMNetworkReachabilityTests_iOS" */;
			buildPhases = (
				7501E7E71F0AEB8D00DC4B0C /* Sources */,
				7501E7E81F0AEB8D00DC4B0C /* Frameworks */,
				7501E7E91F0AEB8D00DC4B0C /* Resources */,
			);
			buildRules = (
			);
			dependencies = (
				7501E7EE1F0AEB8D00DC4B0C /* PBXTargetDependency */,
			);
			name = IMNetworkReachabilityTests_iOS;
			productName = IMNetworkReachabilityTests;
			productReference = 7501E7EB1F0AEB8D00DC4B0C /* IMNetworkReachabilityTests_iOS.xctest */;
			productType = "com.apple.product-type.bundle.unit-test";
		};
		750BD8C31F0CD55200ADF085 /* IMNetworkReachability_macOS */ = {
			isa = PBXNativeTarget;
			buildConfigurationList = 750BD8D91F0CD55300ADF085 /* Build configuration list for PBXNativeTarget "IMNetworkReachability_macOS" */;
			buildPhases = (
				750BD8BF1F0CD55200ADF085 /* Sources */,
				750BD8C01F0CD55200ADF085 /* Frameworks */,
				750BD8C11F0CD55200ADF085 /* Headers */,
				750BD8C21F0CD55200ADF085 /* Resources */,
			);
			buildRules = (
			);
			dependencies = (
			);
			name = IMNetworkReachability_macOS;
			productName = IMNetworkReachability_macOS;
			productReference = 750BD8C41F0CD55200ADF085 /* IMNetworkReachability.framework */;
			productType = "com.apple.product-type.framework";
		};
		750BD8CB1F0CD55300ADF085 /* IMNetworkReachability_macOSTests */ = {
			isa = PBXNativeTarget;
			buildConfigurationList = 750BD8DA1F0CD55300ADF085 /* Build configuration list for PBXNativeTarget "IMNetworkReachability_macOSTests" */;
			buildPhases = (
				750BD8C81F0CD55300ADF085 /* Sources */,
				750BD8C91F0CD55300ADF085 /* Frameworks */,
				750BD8CA1F0CD55300ADF085 /* Resources */,
			);
			buildRules = (
			);
			dependencies = (
				750BD8CF1F0CD55300ADF085 /* PBXTargetDependency */,
			);
			name = IMNetworkReachability_macOSTests;
			productName = IMNetworkReachability_macOSTests;
			productReference = 750BD8CC1F0CD55300ADF085 /* IMNetworkReachability_macOSTests.xctest */;
			productType = "com.apple.product-type.bundle.unit-test";
		};
		750BD8DF1F0CD57000ADF085 /* IMNetworkReachability_tvOS */ = {
			isa = PBXNativeTarget;
			buildConfigurationList = 750BD8F11F0CD57000ADF085 /* Build configuration list for PBXNativeTarget "IMNetworkReachability_tvOS" */;
			buildPhases = (
				750BD8DB1F0CD57000ADF085 /* Sources */,
				750BD8DC1F0CD57000ADF085 /* Frameworks */,
				750BD8DD1F0CD57000ADF085 /* Headers */,
				750BD8DE1F0CD57000ADF085 /* Resources */,
			);
			buildRules = (
			);
			dependencies = (
			);
			name = IMNetworkReachability_tvOS;
			productName = IMNetworkReachability_tvOS;
			productReference = 750BD8E01F0CD57000ADF085 /* IMNetworkReachability.framework */;
			productType = "com.apple.product-type.framework";
		};
		750BD8E71F0CD57000ADF085 /* IMNetworkReachability_tvOSTests */ = {
			isa = PBXNativeTarget;
			buildConfigurationList = 750BD8F41F0CD57000ADF085 /* Build configuration list for PBXNativeTarget "IMNetworkReachability_tvOSTests" */;
			buildPhases = (
				750BD8E41F0CD57000ADF085 /* Sources */,
				750BD8E51F0CD57000ADF085 /* Frameworks */,
				750BD8E61F0CD57000ADF085 /* Resources */,
			);
			buildRules = (
			);
			dependencies = (
				750BD8EB1F0CD57000ADF085 /* PBXTargetDependency */,
			);
			name = IMNetworkReachability_tvOSTests;
			productName = IMNetworkReachability_tvOSTests;
			productReference = 750BD8E81F0CD57000ADF085 /* IMNetworkReachability_tvOSTests.xctest */;
			productType = "com.apple.product-type.bundle.unit-test";
		};
/* End PBXNativeTarget section */

/* Begin PBXProject section */
		7501E7D91F0AEB8D00DC4B0C /* Project object */ = {
			isa = PBXProject;
			attributes = {
				LastSwiftUpdateCheck = 0900;
				LastUpgradeCheck = 0920;
				ORGANIZATIONNAME = "Ivan Magda";
				TargetAttributes = {
					7501E7E11F0AEB8D00DC4B0C = {
						CreatedOnToolsVersion = 9.0;
					};
					7501E7EA1F0AEB8D00DC4B0C = {
						CreatedOnToolsVersion = 9.0;
					};
					750BD8C31F0CD55200ADF085 = {
						CreatedOnToolsVersion = 9.0;
					};
					750BD8CB1F0CD55300ADF085 = {
						CreatedOnToolsVersion = 9.0;
					};
					750BD8DF1F0CD57000ADF085 = {
						CreatedOnToolsVersion = 9.0;
					};
					750BD8E71F0CD57000ADF085 = {
						CreatedOnToolsVersion = 9.0;
					};
				};
			};
			buildConfigurationList = 7501E7DC1F0AEB8D00DC4B0C /* Build configuration list for PBXProject "IMNetworkReachability" */;
			compatibilityVersion = "Xcode 8.0";
			developmentRegion = en;
			hasScannedForEncodings = 0;
			knownRegions = (
				en,
			);
			mainGroup = 7501E7D81F0AEB8D00DC4B0C;
			productRefGroup = 7501E7E31F0AEB8D00DC4B0C /* Products */;
			projectDirPath = "";
			projectRoot = "";
			targets = (
				7501E7E11F0AEB8D00DC4B0C /* IMNetworkReachability_iOS */,
				7501E7EA1F0AEB8D00DC4B0C /* IMNetworkReachabilityTests_iOS */,
				750BD8C31F0CD55200ADF085 /* IMNetworkReachability_macOS */,
				750BD8CB1F0CD55300ADF085 /* IMNetworkReachability_macOSTests */,
				750BD8DF1F0CD57000ADF085 /* IMNetworkReachability_tvOS */,
				750BD8E71F0CD57000ADF085 /* IMNetworkReachability_tvOSTests */,
			);
		};
/* End PBXProject section */

/* Begin PBXResourcesBuildPhase section */
		7501E7E01F0AEB8D00DC4B0C /* Resources */ = {
			isa = PBXResourcesBuildPhase;
			buildActionMask = 2147483647;
			files = (
			);
			runOnlyForDeploymentPostprocessing = 0;
		};
		7501E7E91F0AEB8D00DC4B0C /* Resources */ = {
			isa = PBXResourcesBuildPhase;
			buildActionMask = 2147483647;
			files = (
			);
			runOnlyForDeploymentPostprocessing = 0;
		};
		750BD8C21F0CD55200ADF085 /* Resources */ = {
			isa = PBXResourcesBuildPhase;
			buildActionMask = 2147483647;
			files = (
			);
			runOnlyForDeploymentPostprocessing = 0;
		};
		750BD8CA1F0CD55300ADF085 /* Resources */ = {
			isa = PBXResourcesBuildPhase;
			buildActionMask = 2147483647;
			files = (
			);
			runOnlyForDeploymentPostprocessing = 0;
		};
		750BD8DE1F0CD57000ADF085 /* Resources */ = {
			isa = PBXResourcesBuildPhase;
			buildActionMask = 2147483647;
			files = (
			);
			runOnlyForDeploymentPostprocessing = 0;
		};
		750BD8E61F0CD57000ADF085 /* Resources */ = {
			isa = PBXResourcesBuildPhase;
			buildActionMask = 2147483647;
			files = (
			);
			runOnlyForDeploymentPostprocessing = 0;
		};
/* End PBXResourcesBuildPhase section */

/* Begin PBXSourcesBuildPhase section */
		7501E7DD1F0AEB8D00DC4B0C /* Sources */ = {
			isa = PBXSourcesBuildPhase;
			buildActionMask = 2147483647;
			files = (
				75E4B1501F118AFA001383CE /* SyncEvaluator.swift in Sources */,
				75E4B1531F118B16001383CE /* IMReachabilityError.swift in Sources */,
				75E4B1591F118B2C001383CE /* IMNetworkReachability.swift in Sources */,
				75E4B14D1F118ACD001383CE /* AsyncHandler.swift in Sources */,
				75E4B15C1F118B34001383CE /* IMNetworkReachable.swift in Sources */,
				75E4B1561F118B1D001383CE /* IMReachabilityResult.swift in Sources */,
			);
			runOnlyForDeploymentPostprocessing = 0;
		};
		7501E7E71F0AEB8D00DC4B0C /* Sources */ = {
			isa = PBXSourcesBuildPhase;
			buildActionMask = 2147483647;
			files = (
				75E4B16E1F119137001383CE /* IMNetworkReachabilityTests.swift in Sources */,
			);
			runOnlyForDeploymentPostprocessing = 0;
		};
		750BD8BF1F0CD55200ADF085 /* Sources */ = {
			isa = PBXSourcesBuildPhase;
			buildActionMask = 2147483647;
			files = (
				75E4B1511F118AFB001383CE /* SyncEvaluator.swift in Sources */,
				75E4B1541F118B17001383CE /* IMReachabilityError.swift in Sources */,
				75E4B15A1F118B2D001383CE /* IMNetworkReachability.swift in Sources */,
				75E4B14E1F118AD2001383CE /* AsyncHandler.swift in Sources */,
				75E4B15D1F118B34001383CE /* IMNetworkReachable.swift in Sources */,
				75E4B1571F118B1E001383CE /* IMReachabilityResult.swift in Sources */,
			);
			runOnlyForDeploymentPostprocessing = 0;
		};
		750BD8C81F0CD55300ADF085 /* Sources */ = {
			isa = PBXSourcesBuildPhase;
			buildActionMask = 2147483647;
			files = (
				75E4B16F1F119139001383CE /* IMNetworkReachabilityTests.swift in Sources */,
			);
			runOnlyForDeploymentPostprocessing = 0;
		};
		750BD8DB1F0CD57000ADF085 /* Sources */ = {
			isa = PBXSourcesBuildPhase;
			buildActionMask = 2147483647;
			files = (
				75E4B1521F118AFE001383CE /* SyncEvaluator.swift in Sources */,
				75E4B1551F118B18001383CE /* IMReachabilityError.swift in Sources */,
				75E4B15B1F118B2E001383CE /* IMNetworkReachability.swift in Sources */,
				75E4B14F1F118AD3001383CE /* AsyncHandler.swift in Sources */,
				75E4B15E1F118B35001383CE /* IMNetworkReachable.swift in Sources */,
				75E4B1581F118B1F001383CE /* IMReachabilityResult.swift in Sources */,
			);
			runOnlyForDeploymentPostprocessing = 0;
		};
		750BD8E41F0CD57000ADF085 /* Sources */ = {
			isa = PBXSourcesBuildPhase;
			buildActionMask = 2147483647;
			files = (
				75E4B1701F11913A001383CE /* IMNetworkReachabilityTests.swift in Sources */,
			);
			runOnlyForDeploymentPostprocessing = 0;
		};
/* End PBXSourcesBuildPhase section */

/* Begin PBXTargetDependency section */
		7501E7EE1F0AEB8D00DC4B0C /* PBXTargetDependency */ = {
			isa = PBXTargetDependency;
			target = 7501E7E11F0AEB8D00DC4B0C /* IMNetworkReachability_iOS */;
			targetProxy = 7501E7ED1F0AEB8D00DC4B0C /* PBXContainerItemProxy */;
		};
		750BD8CF1F0CD55300ADF085 /* PBXTargetDependency */ = {
			isa = PBXTargetDependency;
			target = 750BD8C31F0CD55200ADF085 /* IMNetworkReachability_macOS */;
			targetProxy = 750BD8CE1F0CD55300ADF085 /* PBXContainerItemProxy */;
		};
		750BD8EB1F0CD57000ADF085 /* PBXTargetDependency */ = {
			isa = PBXTargetDependency;
			target = 750BD8DF1F0CD57000ADF085 /* IMNetworkReachability_tvOS */;
			targetProxy = 750BD8EA1F0CD57000ADF085 /* PBXContainerItemProxy */;
		};
/* End PBXTargetDependency section */

/* Begin XCBuildConfiguration section */
		7501E7F41F0AEB8D00DC4B0C /* Debug */ = {
			isa = XCBuildConfiguration;
			buildSettings = {
				ALWAYS_SEARCH_USER_PATHS = NO;
				CLANG_ANALYZER_NONNULL = YES;
				CLANG_ANALYZER_NUMBER_OBJECT_CONVERSION = YES_AGGRESSIVE;
				CLANG_CXX_LANGUAGE_STANDARD = "gnu++14";
				CLANG_CXX_LIBRARY = "libc++";
				CLANG_ENABLE_MODULES = YES;
				CLANG_ENABLE_OBJC_ARC = YES;
				CLANG_WARN_BLOCK_CAPTURE_AUTORELEASING = YES;
				CLANG_WARN_BOOL_CONVERSION = YES;
				CLANG_WARN_COMMA = YES;
				CLANG_WARN_CONSTANT_CONVERSION = YES;
				CLANG_WARN_DIRECT_OBJC_ISA_USAGE = YES_ERROR;
				CLANG_WARN_DOCUMENTATION_COMMENTS = YES;
				CLANG_WARN_EMPTY_BODY = YES;
				CLANG_WARN_ENUM_CONVERSION = YES;
				CLANG_WARN_INFINITE_RECURSION = YES;
				CLANG_WARN_INT_CONVERSION = YES;
				CLANG_WARN_NON_LITERAL_NULL_CONVERSION = YES;
				CLANG_WARN_OBJC_LITERAL_CONVERSION = YES;
				CLANG_WARN_OBJC_ROOT_CLASS = YES_ERROR;
				CLANG_WARN_RANGE_LOOP_ANALYSIS = YES;
				CLANG_WARN_STRICT_PROTOTYPES = YES;
				CLANG_WARN_SUSPICIOUS_MOVE = YES;
				CLANG_WARN_UNGUARDED_AVAILABILITY = YES_AGGRESSIVE;
				CLANG_WARN_UNREACHABLE_CODE = YES;
				CLANG_WARN__DUPLICATE_METHOD_MATCH = YES;
				CODE_SIGN_IDENTITY = "iPhone Developer";
				COPY_PHASE_STRIP = NO;
				CURRENT_PROJECT_VERSION = 1;
				DEBUG_INFORMATION_FORMAT = dwarf;
				ENABLE_STRICT_OBJC_MSGSEND = YES;
				ENABLE_TESTABILITY = YES;
				GCC_C_LANGUAGE_STANDARD = gnu11;
				GCC_DYNAMIC_NO_PIC = NO;
				GCC_NO_COMMON_BLOCKS = YES;
				GCC_OPTIMIZATION_LEVEL = 0;
				GCC_PREPROCESSOR_DEFINITIONS = (
					"DEBUG=1",
					"$(inherited)",
				);
				GCC_WARN_64_TO_32_BIT_CONVERSION = YES;
				GCC_WARN_ABOUT_RETURN_TYPE = YES_ERROR;
				GCC_WARN_UNDECLARED_SELECTOR = YES;
				GCC_WARN_UNINITIALIZED_AUTOS = YES_AGGRESSIVE;
				GCC_WARN_UNUSED_FUNCTION = YES;
				GCC_WARN_UNUSED_VARIABLE = YES;
				IPHONEOS_DEPLOYMENT_TARGET = 8.0;
				MACOSX_DEPLOYMENT_TARGET = 10.9;
				MTL_ENABLE_DEBUG_INFO = YES;
				ONLY_ACTIVE_ARCH = YES;
				SDKROOT = iphoneos;
				SWIFT_ACTIVE_COMPILATION_CONDITIONS = DEBUG;
				SWIFT_OPTIMIZATION_LEVEL = "-Onone";
				VERSIONING_SYSTEM = "apple-generic";
				VERSION_INFO_PREFIX = "";
			};
			name = Debug;
		};
		7501E7F51F0AEB8D00DC4B0C /* Release */ = {
			isa = XCBuildConfiguration;
			buildSettings = {
				ALWAYS_SEARCH_USER_PATHS = NO;
				CLANG_ANALYZER_NONNULL = YES;
				CLANG_ANALYZER_NUMBER_OBJECT_CONVERSION = YES_AGGRESSIVE;
				CLANG_CXX_LANGUAGE_STANDARD = "gnu++14";
				CLANG_CXX_LIBRARY = "libc++";
				CLANG_ENABLE_MODULES = YES;
				CLANG_ENABLE_OBJC_ARC = YES;
				CLANG_WARN_BLOCK_CAPTURE_AUTORELEASING = YES;
				CLANG_WARN_BOOL_CONVERSION = YES;
				CLANG_WARN_COMMA = YES;
				CLANG_WARN_CONSTANT_CONVERSION = YES;
				CLANG_WARN_DIRECT_OBJC_ISA_USAGE = YES_ERROR;
				CLANG_WARN_DOCUMENTATION_COMMENTS = YES;
				CLANG_WARN_EMPTY_BODY = YES;
				CLANG_WARN_ENUM_CONVERSION = YES;
				CLANG_WARN_INFINITE_RECURSION = YES;
				CLANG_WARN_INT_CONVERSION = YES;
				CLANG_WARN_NON_LITERAL_NULL_CONVERSION = YES;
				CLANG_WARN_OBJC_LITERAL_CONVERSION = YES;
				CLANG_WARN_OBJC_ROOT_CLASS = YES_ERROR;
				CLANG_WARN_RANGE_LOOP_ANALYSIS = YES;
				CLANG_WARN_STRICT_PROTOTYPES = YES;
				CLANG_WARN_SUSPICIOUS_MOVE = YES;
				CLANG_WARN_UNGUARDED_AVAILABILITY = YES_AGGRESSIVE;
				CLANG_WARN_UNREACHABLE_CODE = YES;
				CLANG_WARN__DUPLICATE_METHOD_MATCH = YES;
				CODE_SIGN_IDENTITY = "iPhone Developer";
				COPY_PHASE_STRIP = NO;
				CURRENT_PROJECT_VERSION = 1;
				DEBUG_INFORMATION_FORMAT = "dwarf-with-dsym";
				ENABLE_NS_ASSERTIONS = NO;
				ENABLE_STRICT_OBJC_MSGSEND = YES;
				GCC_C_LANGUAGE_STANDARD = gnu11;
				GCC_NO_COMMON_BLOCKS = YES;
				GCC_WARN_64_TO_32_BIT_CONVERSION = YES;
				GCC_WARN_ABOUT_RETURN_TYPE = YES_ERROR;
				GCC_WARN_UNDECLARED_SELECTOR = YES;
				GCC_WARN_UNINITIALIZED_AUTOS = YES_AGGRESSIVE;
				GCC_WARN_UNUSED_FUNCTION = YES;
				GCC_WARN_UNUSED_VARIABLE = YES;
				IPHONEOS_DEPLOYMENT_TARGET = 8.0;
				MACOSX_DEPLOYMENT_TARGET = 10.9;
				MTL_ENABLE_DEBUG_INFO = NO;
				SDKROOT = iphoneos;
				SWIFT_OPTIMIZATION_LEVEL = "-Owholemodule";
				VALIDATE_PRODUCT = YES;
				VERSIONING_SYSTEM = "apple-generic";
				VERSION_INFO_PREFIX = "";
			};
			name = Release;
		};
		7501E7F71F0AEB8D00DC4B0C /* Debug */ = {
			isa = XCBuildConfiguration;
			buildSettings = {
				CODE_SIGN_IDENTITY = "";
				DEFINES_MODULE = YES;
				DEVELOPMENT_TEAM = 6UNHY8UY6E;
				DYLIB_COMPATIBILITY_VERSION = 1;
				DYLIB_CURRENT_VERSION = 1;
				DYLIB_INSTALL_NAME_BASE = "@rpath";
				INFOPLIST_FILE = "$(SRCROOT)/Configs/IMNetworkReachability.plist";
				INSTALL_PATH = "$(LOCAL_LIBRARY_DIR)/Frameworks";
				LD_RUNPATH_SEARCH_PATHS = "$(inherited) @executable_path/Frameworks @loader_path/Frameworks";
				PRODUCT_BUNDLE_IDENTIFIER = com.ivanmagda.IMNetworkReachability;
				PRODUCT_NAME = IMNetworkReachability;
				SKIP_INSTALL = YES;
				SWIFT_VERSION = 4.0;
				TARGETED_DEVICE_FAMILY = "1,2";
			};
			name = Debug;
		};
		7501E7F81F0AEB8D00DC4B0C /* Release */ = {
			isa = XCBuildConfiguration;
			buildSettings = {
				CODE_SIGN_IDENTITY = "";
				DEFINES_MODULE = YES;
				DEVELOPMENT_TEAM = 6UNHY8UY6E;
				DYLIB_COMPATIBILITY_VERSION = 1;
				DYLIB_CURRENT_VERSION = 1;
				DYLIB_INSTALL_NAME_BASE = "@rpath";
				INFOPLIST_FILE = "$(SRCROOT)/Configs/IMNetworkReachability.plist";
				INSTALL_PATH = "$(LOCAL_LIBRARY_DIR)/Frameworks";
				LD_RUNPATH_SEARCH_PATHS = "$(inherited) @executable_path/Frameworks @loader_path/Frameworks";
				PRODUCT_BUNDLE_IDENTIFIER = com.ivanmagda.IMNetworkReachability;
				PRODUCT_NAME = IMNetworkReachability;
				SKIP_INSTALL = YES;
				SWIFT_VERSION = 4.0;
				TARGETED_DEVICE_FAMILY = "1,2";
			};
			name = Release;
		};
		7501E7FA1F0AEB8D00DC4B0C /* Debug */ = {
			isa = XCBuildConfiguration;
			buildSettings = {
				ALWAYS_EMBED_SWIFT_STANDARD_LIBRARIES = YES;
				DEVELOPMENT_TEAM = 6UNHY8UY6E;
				INFOPLIST_FILE = "$(SRCROOT)/Configs/IMNetworkReachabilityTests.plist";
				LD_RUNPATH_SEARCH_PATHS = "$(inherited) @executable_path/Frameworks @loader_path/Frameworks";
				PRODUCT_BUNDLE_IDENTIFIER = com.ivanmagda.IMNetworkReachabilityTests;
				PRODUCT_NAME = "$(TARGET_NAME)";
				SWIFT_VERSION = 4.0;
				TARGETED_DEVICE_FAMILY = "1,2";
			};
			name = Debug;
		};
		7501E7FB1F0AEB8D00DC4B0C /* Release */ = {
			isa = XCBuildConfiguration;
			buildSettings = {
				ALWAYS_EMBED_SWIFT_STANDARD_LIBRARIES = YES;
				DEVELOPMENT_TEAM = 6UNHY8UY6E;
				INFOPLIST_FILE = "$(SRCROOT)/Configs/IMNetworkReachabilityTests.plist";
				LD_RUNPATH_SEARCH_PATHS = "$(inherited) @executable_path/Frameworks @loader_path/Frameworks";
				PRODUCT_BUNDLE_IDENTIFIER = com.ivanmagda.IMNetworkReachabilityTests;
				PRODUCT_NAME = "$(TARGET_NAME)";
				SWIFT_VERSION = 4.0;
				TARGETED_DEVICE_FAMILY = "1,2";
			};
			name = Release;
		};
		750BD8D51F0CD55300ADF085 /* Debug */ = {
			isa = XCBuildConfiguration;
			buildSettings = {
				CODE_SIGN_IDENTITY = "";
				COMBINE_HIDPI_IMAGES = YES;
				DEFINES_MODULE = YES;
				DEVELOPMENT_TEAM = 6UNHY8UY6E;
				DYLIB_COMPATIBILITY_VERSION = 1;
				DYLIB_CURRENT_VERSION = 1;
				DYLIB_INSTALL_NAME_BASE = "@rpath";
				FRAMEWORK_VERSION = A;
				INFOPLIST_FILE = "$(SRCROOT)/Configs/IMNetworkReachability.plist";
				INSTALL_PATH = "$(LOCAL_LIBRARY_DIR)/Frameworks";
				LD_RUNPATH_SEARCH_PATHS = "$(inherited) @executable_path/../Frameworks @loader_path/Frameworks";
				MACOSX_DEPLOYMENT_TARGET = 10.9;
				PRODUCT_BUNDLE_IDENTIFIER = "com.ivanmagda.IMNetworkReachability-macOS";
				PRODUCT_NAME = IMNetworkReachability;
				SDKROOT = macosx;
				SKIP_INSTALL = YES;
				SWIFT_VERSION = 4.0;
			};
			name = Debug;
		};
		750BD8D61F0CD55300ADF085 /* Release */ = {
			isa = XCBuildConfiguration;
			buildSettings = {
				CODE_SIGN_IDENTITY = "";
				COMBINE_HIDPI_IMAGES = YES;
				DEFINES_MODULE = YES;
				DEVELOPMENT_TEAM = 6UNHY8UY6E;
				DYLIB_COMPATIBILITY_VERSION = 1;
				DYLIB_CURRENT_VERSION = 1;
				DYLIB_INSTALL_NAME_BASE = "@rpath";
				FRAMEWORK_VERSION = A;
				INFOPLIST_FILE = "$(SRCROOT)/Configs/IMNetworkReachability.plist";
				INSTALL_PATH = "$(LOCAL_LIBRARY_DIR)/Frameworks";
				LD_RUNPATH_SEARCH_PATHS = "$(inherited) @executable_path/../Frameworks @loader_path/Frameworks";
				MACOSX_DEPLOYMENT_TARGET = 10.9;
				PRODUCT_BUNDLE_IDENTIFIER = "com.ivanmagda.IMNetworkReachability-macOS";
				PRODUCT_NAME = IMNetworkReachability;
				SDKROOT = macosx;
				SKIP_INSTALL = YES;
				SWIFT_VERSION = 4.0;
			};
			name = Release;
		};
		750BD8D71F0CD55300ADF085 /* Debug */ = {
			isa = XCBuildConfiguration;
			buildSettings = {
				ALWAYS_EMBED_SWIFT_STANDARD_LIBRARIES = YES;
				CODE_SIGN_IDENTITY = "Mac Developer";
				COMBINE_HIDPI_IMAGES = YES;
				DEVELOPMENT_TEAM = 6UNHY8UY6E;
				INFOPLIST_FILE = IMNetworkReachability_macOSTests/Info.plist;
				LD_RUNPATH_SEARCH_PATHS = "$(inherited) @executable_path/../Frameworks @loader_path/../Frameworks";
				MACOSX_DEPLOYMENT_TARGET = 10.12;
				PRODUCT_BUNDLE_IDENTIFIER = "com.ivanmagda.IMNetworkReachability-macOSTests";
				PRODUCT_NAME = "$(TARGET_NAME)";
				SDKROOT = macosx;
				SWIFT_VERSION = 4.0;
			};
			name = Debug;
		};
		750BD8D81F0CD55300ADF085 /* Release */ = {
			isa = XCBuildConfiguration;
			buildSettings = {
				ALWAYS_EMBED_SWIFT_STANDARD_LIBRARIES = YES;
				CODE_SIGN_IDENTITY = "Mac Developer";
				COMBINE_HIDPI_IMAGES = YES;
				DEVELOPMENT_TEAM = 6UNHY8UY6E;
				INFOPLIST_FILE = IMNetworkReachability_macOSTests/Info.plist;
				LD_RUNPATH_SEARCH_PATHS = "$(inherited) @executable_path/../Frameworks @loader_path/../Frameworks";
				MACOSX_DEPLOYMENT_TARGET = 10.12;
				PRODUCT_BUNDLE_IDENTIFIER = "com.ivanmagda.IMNetworkReachability-macOSTests";
				PRODUCT_NAME = "$(TARGET_NAME)";
				SDKROOT = macosx;
				SWIFT_VERSION = 4.0;
			};
			name = Release;
		};
		750BD8F21F0CD57000ADF085 /* Debug */ = {
			isa = XCBuildConfiguration;
			buildSettings = {
				CODE_SIGN_IDENTITY = "";
				DEFINES_MODULE = YES;
				DEVELOPMENT_TEAM = 6UNHY8UY6E;
				DYLIB_COMPATIBILITY_VERSION = 1;
				DYLIB_CURRENT_VERSION = 1;
				DYLIB_INSTALL_NAME_BASE = "@rpath";
				INFOPLIST_FILE = "$(SRCROOT)/Configs/IMNetworkReachability.plist";
				INSTALL_PATH = "$(LOCAL_LIBRARY_DIR)/Frameworks";
				LD_RUNPATH_SEARCH_PATHS = "$(inherited) @executable_path/Frameworks @loader_path/Frameworks";
				PRODUCT_BUNDLE_IDENTIFIER = "com.ivanmagda.IMNetworkReachability-tvOS";
				PRODUCT_NAME = IMNetworkReachability;
				SDKROOT = appletvos;
				SKIP_INSTALL = YES;
				SWIFT_VERSION = 4.0;
				TARGETED_DEVICE_FAMILY = 3;
				TVOS_DEPLOYMENT_TARGET = 9.0;
			};
			name = Debug;
		};
		750BD8F31F0CD57000ADF085 /* Release */ = {
			isa = XCBuildConfiguration;
			buildSettings = {
				CODE_SIGN_IDENTITY = "";
				DEFINES_MODULE = YES;
				DEVELOPMENT_TEAM = 6UNHY8UY6E;
				DYLIB_COMPATIBILITY_VERSION = 1;
				DYLIB_CURRENT_VERSION = 1;
				DYLIB_INSTALL_NAME_BASE = "@rpath";
				INFOPLIST_FILE = "$(SRCROOT)/Configs/IMNetworkReachability.plist";
				INSTALL_PATH = "$(LOCAL_LIBRARY_DIR)/Frameworks";
				LD_RUNPATH_SEARCH_PATHS = "$(inherited) @executable_path/Frameworks @loader_path/Frameworks";
				PRODUCT_BUNDLE_IDENTIFIER = "com.ivanmagda.IMNetworkReachability-tvOS";
				PRODUCT_NAME = IMNetworkReachability;
				SDKROOT = appletvos;
				SKIP_INSTALL = YES;
				SWIFT_VERSION = 4.0;
				TARGETED_DEVICE_FAMILY = 3;
				TVOS_DEPLOYMENT_TARGET = 9.0;
			};
			name = Release;
		};
		750BD8F51F0CD57000ADF085 /* Debug */ = {
			isa = XCBuildConfiguration;
			buildSettings = {
				ALWAYS_EMBED_SWIFT_STANDARD_LIBRARIES = YES;
				DEVELOPMENT_TEAM = 6UNHY8UY6E;
				INFOPLIST_FILE = "$(SRCROOT)/Configs/IMNetworkReachabilityTests.plist";
				LD_RUNPATH_SEARCH_PATHS = "$(inherited) @executable_path/Frameworks @loader_path/Frameworks";
				PRODUCT_BUNDLE_IDENTIFIER = "com.ivanmagda.IMNetworkReachability-tvOSTests";
				PRODUCT_NAME = "$(TARGET_NAME)";
				SDKROOT = appletvos;
				SWIFT_VERSION = 4.0;
				TARGETED_DEVICE_FAMILY = 3;
				TVOS_DEPLOYMENT_TARGET = 11.0;
			};
			name = Debug;
		};
		750BD8F61F0CD57000ADF085 /* Release */ = {
			isa = XCBuildConfiguration;
			buildSettings = {
				ALWAYS_EMBED_SWIFT_STANDARD_LIBRARIES = YES;
				DEVELOPMENT_TEAM = 6UNHY8UY6E;
				INFOPLIST_FILE = "$(SRCROOT)/Configs/IMNetworkReachabilityTests.plist";
				LD_RUNPATH_SEARCH_PATHS = "$(inherited) @executable_path/Frameworks @loader_path/Frameworks";
				PRODUCT_BUNDLE_IDENTIFIER = "com.ivanmagda.IMNetworkReachability-tvOSTests";
				PRODUCT_NAME = "$(TARGET_NAME)";
				SDKROOT = appletvos;
				SWIFT_VERSION = 4.0;
				TARGETED_DEVICE_FAMILY = 3;
				TVOS_DEPLOYMENT_TARGET = 11.0;
			};
			name = Release;
		};
/* End XCBuildConfiguration section */

/* Begin XCConfigurationList section */
		7501E7DC1F0AEB8D00DC4B0C /* Build configuration list for PBXProject "IMNetworkReachability" */ = {
			isa = XCConfigurationList;
			buildConfigurations = (
				7501E7F41F0AEB8D00DC4B0C /* Debug */,
				7501E7F51F0AEB8D00DC4B0C /* Release */,
			);
			defaultConfigurationIsVisible = 0;
			defaultConfigurationName = Release;
		};
		7501E7F61F0AEB8D00DC4B0C /* Build configuration list for PBXNativeTarget "IMNetworkReachability_iOS" */ = {
			isa = XCConfigurationList;
			buildConfigurations = (
				7501E7F71F0AEB8D00DC4B0C /* Debug */,
				7501E7F81F0AEB8D00DC4B0C /* Release */,
			);
			defaultConfigurationIsVisible = 0;
			defaultConfigurationName = Release;
		};
		7501E7F91F0AEB8D00DC4B0C /* Build configuration list for PBXNativeTarget "IMNetworkReachabilityTests_iOS" */ = {
			isa = XCConfigurationList;
			buildConfigurations = (
				7501E7FA1F0AEB8D00DC4B0C /* Debug */,
				7501E7FB1F0AEB8D00DC4B0C /* Release */,
			);
			defaultConfigurationIsVisible = 0;
			defaultConfigurationName = Release;
		};
		750BD8D91F0CD55300ADF085 /* Build configuration list for PBXNativeTarget "IMNetworkReachability_macOS" */ = {
			isa = XCConfigurationList;
			buildConfigurations = (
				750BD8D51F0CD55300ADF085 /* Debug */,
				750BD8D61F0CD55300ADF085 /* Release */,
			);
			defaultConfigurationIsVisible = 0;
			defaultConfigurationName = Release;
		};
		750BD8DA1F0CD55300ADF085 /* Build configuration list for PBXNativeTarget "IMNetworkReachability_macOSTests" */ = {
			isa = XCConfigurationList;
			buildConfigurations = (
				750BD8D71F0CD55300ADF085 /* Debug */,
				750BD8D81F0CD55300ADF085 /* Release */,
			);
			defaultConfigurationIsVisible = 0;
			defaultConfigurationName = Release;
		};
		750BD8F11F0CD57000ADF085 /* Build configuration list for PBXNativeTarget "IMNetworkReachability_tvOS" */ = {
			isa = XCConfigurationList;
			buildConfigurations = (
				750BD8F21F0CD57000ADF085 /* Debug */,
				750BD8F31F0CD57000ADF085 /* Release */,
			);
			defaultConfigurationIsVisible = 0;
			defaultConfigurationName = Release;
		};
		750BD8F41F0CD57000ADF085 /* Build configuration list for PBXNativeTarget "IMNetworkReachability_tvOSTests" */ = {
			isa = XCConfigurationList;
			buildConfigurations = (
				750BD8F51F0CD57000ADF085 /* Debug */,
				750BD8F61F0CD57000ADF085 /* Release */,
			);
			defaultConfigurationIsVisible = 0;
			defaultConfigurationName = Release;
		};
/* End XCConfigurationList section */
	};
	rootObject = 7501E7D91F0AEB8D00DC4B0C /* Project object */;
}
